Microsoft Visual Studio Solution File, Format Version 12.00
# Visual Studio Version 16
VisualStudioVersion = 25.0.1700.0
MinimumVisualStudioVersion = 10.0.40219.1
Project("{FAE04EC0-301F-11D3-BF4B-00C04F79EFBC}") = "Day1", "Day1\Day1.csproj", "{9EC2E308-9193-4881-8AB8-7671C767C519}"
EndProject
Project("{FAE04EC0-301F-11D3-BF4B-00C04F79EFBC}") = "Day2", "Day2\Day2.csproj", "{1AF02F42-D0DF-4078-9F37-FA2276D2EF1A}"
EndProject
Project("{FAE04EC0-301F-11D3-BF4B-00C04F79EFBC}") = "Day3", "Day3\Day3.csproj", "{BF0EE96E-4040-4202-B9C7-ABD84B6F8527}"
EndProject
Project("{FAE04EC0-301F-11D3-BF4B-00C04F79EFBC}") = "Day4", "Day4\Day4.csproj", "{56529D75-F16D-46DA-BBED-DEE3B64D4419}"
EndProject
Project("{FAE04EC0-301F-11D3-BF4B-00C04F79EFBC}") = "Day5", "Day5\Day5.csproj", "{2C38E29F-95CB-4881-9248-EC2F2078E4BD}"
EndProject
Project("{FAE04EC0-301F-11D3-BF4B-00C04F79EFBC}") = "Day6", "Day6\Day6.csproj", "{E734FABC-7C05-403F-BBD5-7979C0D75AF4}"
EndProject
Project("{FAE04EC0-301F-11D3-BF4B-00C04F79EFBC}") = "Day7", "Day7\Day7.csproj", "{8D4E8369-9A51-4BE4-B744-4066854DD347}"
EndProject
Project("{FAE04EC0-301F-11D3-BF4B-00C04F79EFBC}") = "Day8", "Day8\Day8.csproj", "{4690C1E6-15F3-43A3-909E-3AB809C292CA}"
EndProject
Project("{FAE04EC0-301F-11D3-BF4B-00C04F79EFBC}") = "Day9", "Day9\Day9.csproj", "{2804CE7E-05A3-497B-9565-C81A8D872681}"
EndProject
Project("{FAE04EC0-301F-11D3-BF4B-00C04F79EFBC}") = "Day10", "Day10\Day10.csproj", "{1B7697DF-02C7-4E93-A4D7-AE28758D9B11}"
EndProject
Project("{FAE04EC0-301F-11D3-BF4B-00C04F79EFBC}") = "Day11", "Day11\Day11.csproj", "{73A6D43D-E00A-47FE-B08E-2D775340DEBB}"
EndProject
Project("{FAE04EC0-301F-11D3-BF4B-00C04F79EFBC}") = "Day13", "Day13\Day13.csproj", "{F53EB268-302C-4754-AC18-1D70EDCA846E}"
EndProject
Project("{FAE04EC0-301F-11D3-BF4B-00C04F79EFBC}") = "Day14", "Day14\Day14.csproj", "{2EF96FA2-533D-4989-B2B2-3F9EB0F33F14}"
EndProject
Project("{FAE04EC0-301F-11D3-BF4B-00C04F79EFBC}") = "Day12", "Day12\Day12.csproj", "{999455C4-EB4A-42D6-9AC4-1DAE99C8FE8E}"
EndProject
Project("{FAE04EC0-301F-11D3-BF4B-00C04F79EFBC}") = "Day15", "Day15\Day15.csproj", "{B43CD5A6-2174-4C7C-9752-31C16DAE02E7}"
EndProject
Global
	GlobalSection(SolutionConfigurationPlatforms) = preSolution
		Debug|Any CPU = Debug|Any CPU
		Release|Any CPU = Release|Any CPU
	EndGlobalSection
	GlobalSection(ProjectConfigurationPlatforms) = postSolution
		{9EC2E308-9193-4881-8AB8-7671C767C519}.Debug|Any CPU.ActiveCfg = Debug|Any CPU
		{9EC2E308-9193-4881-8AB8-7671C767C519}.Debug|Any CPU.Build.0 = Debug|Any CPU
		{9EC2E308-9193-4881-8AB8-7671C767C519}.Release|Any CPU.ActiveCfg = Release|Any CPU
		{9EC2E308-9193-4881-8AB8-7671C767C519}.Release|Any CPU.Build.0 = Release|Any CPU
		{1AF02F42-D0DF-4078-9F37-FA2276D2EF1A}.Debug|Any CPU.ActiveCfg = Debug|Any CPU
		{1AF02F42-D0DF-4078-9F37-FA2276D2EF1A}.Debug|Any CPU.Build.0 = Debug|Any CPU
		{1AF02F42-D0DF-4078-9F37-FA2276D2EF1A}.Release|Any CPU.ActiveCfg = Release|Any CPU
		{1AF02F42-D0DF-4078-9F37-FA2276D2EF1A}.Release|Any CPU.Build.0 = Release|Any CPU
		{BF0EE96E-4040-4202-B9C7-ABD84B6F8527}.Debug|Any CPU.ActiveCfg = Debug|Any CPU
		{BF0EE96E-4040-4202-B9C7-ABD84B6F8527}.Debug|Any CPU.Build.0 = Debug|Any CPU
		{BF0EE96E-4040-4202-B9C7-ABD84B6F8527}.Release|Any CPU.ActiveCfg = Release|Any CPU
		{BF0EE96E-4040-4202-B9C7-ABD84B6F8527}.Release|Any CPU.Build.0 = Release|Any CPU
		{56529D75-F16D-46DA-BBED-DEE3B64D4419}.Debug|Any CPU.ActiveCfg = Debug|Any CPU
		{56529D75-F16D-46DA-BBED-DEE3B64D4419}.Debug|Any CPU.Build.0 = Debug|Any CPU
		{56529D75-F16D-46DA-BBED-DEE3B64D4419}.Release|Any CPU.ActiveCfg = Release|Any CPU
		{56529D75-F16D-46DA-BBED-DEE3B64D4419}.Release|Any CPU.Build.0 = Release|Any CPU
		{2C38E29F-95CB-4881-9248-EC2F2078E4BD}.Debug|Any CPU.ActiveCfg = Debug|Any CPU
		{2C38E29F-95CB-4881-9248-EC2F2078E4BD}.Debug|Any CPU.Build.0 = Debug|Any CPU
		{2C38E29F-95CB-4881-9248-EC2F2078E4BD}.Release|Any CPU.ActiveCfg = Release|Any CPU
		{2C38E29F-95CB-4881-9248-EC2F2078E4BD}.Release|Any CPU.Build.0 = Release|Any CPU
		{E734FABC-7C05-403F-BBD5-7979C0D75AF4}.Debug|Any CPU.ActiveCfg = Debug|Any CPU
		{E734FABC-7C05-403F-BBD5-7979C0D75AF4}.Debug|Any CPU.Build.0 = Debug|Any CPU
		{E734FABC-7C05-403F-BBD5-7979C0D75AF4}.Release|Any CPU.ActiveCfg = Release|Any CPU
		{E734FABC-7C05-403F-BBD5-7979C0D75AF4}.Release|Any CPU.Build.0 = Release|Any CPU
		{8D4E8369-9A51-4BE4-B744-4066854DD347}.Debug|Any CPU.ActiveCfg = Debug|Any CPU
		{8D4E8369-9A51-4BE4-B744-4066854DD347}.Debug|Any CPU.Build.0 = Debug|Any CPU
		{8D4E8369-9A51-4BE4-B744-4066854DD347}.Release|Any CPU.ActiveCfg = Release|Any CPU
		{8D4E8369-9A51-4BE4-B744-4066854DD347}.Release|Any CPU.Build.0 = Release|Any CPU
		{4690C1E6-15F3-43A3-909E-3AB809C292CA}.Debug|Any CPU.ActiveCfg = Debug|Any CPU
		{4690C1E6-15F3-43A3-909E-3AB809C292CA}.Debug|Any CPU.Build.0 = Debug|Any CPU
		{4690C1E6-15F3-43A3-909E-3AB809C292CA}.Release|Any CPU.ActiveCfg = Release|Any CPU
		{4690C1E6-15F3-43A3-909E-3AB809C292CA}.Release|Any CPU.Build.0 = Release|Any CPU
		{2804CE7E-05A3-497B-9565-C81A8D872681}.Debug|Any CPU.ActiveCfg = Debug|Any CPU
		{2804CE7E-05A3-497B-9565-C81A8D872681}.Debug|Any CPU.Build.0 = Debug|Any CPU
		{2804CE7E-05A3-497B-9565-C81A8D872681}.Release|Any CPU.ActiveCfg = Release|Any CPU
		{2804CE7E-05A3-497B-9565-C81A8D872681}.Release|Any CPU.Build.0 = Release|Any CPU
		{1B7697DF-02C7-4E93-A4D7-AE28758D9B11}.Debug|Any CPU.ActiveCfg = Debug|Any CPU
		{1B7697DF-02C7-4E93-A4D7-AE28758D9B11}.Debug|Any CPU.Build.0 = Debug|Any CPU
		{1B7697DF-02C7-4E93-A4D7-AE28758D9B11}.Release|Any CPU.ActiveCfg = Release|Any CPU
		{1B7697DF-02C7-4E93-A4D7-AE28758D9B11}.Release|Any CPU.Build.0 = Release|Any CPU
		{73A6D43D-E00A-47FE-B08E-2D775340DEBB}.Debug|Any CPU.ActiveCfg = Debug|Any CPU
		{73A6D43D-E00A-47FE-B08E-2D775340DEBB}.Debug|Any CPU.Build.0 = Debug|Any CPU
		{73A6D43D-E00A-47FE-B08E-2D775340DEBB}.Release|Any CPU.ActiveCfg = Release|Any CPU
		{73A6D43D-E00A-47FE-B08E-2D775340DEBB}.Release|Any CPU.Build.0 = Release|Any CPU
		{F53EB268-302C-4754-AC18-1D70EDCA846E}.Debug|Any CPU.ActiveCfg = Debug|Any CPU
		{F53EB268-302C-4754-AC18-1D70EDCA846E}.Debug|Any CPU.Build.0 = Debug|Any CPU
		{F53EB268-302C-4754-AC18-1D70EDCA846E}.Release|Any CPU.ActiveCfg = Release|Any CPU
		{F53EB268-302C-4754-AC18-1D70EDCA846E}.Release|Any CPU.Build.0 = Release|Any CPU
		{2EF96FA2-533D-4989-B2B2-3F9EB0F33F14}.Debug|Any CPU.ActiveCfg = Debug|Any CPU
		{2EF96FA2-533D-4989-B2B2-3F9EB0F33F14}.Debug|Any CPU.Build.0 = Debug|Any CPU
		{2EF96FA2-533D-4989-B2B2-3F9EB0F33F14}.Release|Any CPU.ActiveCfg = Release|Any CPU
		{2EF96FA2-533D-4989-B2B2-3F9EB0F33F14}.Release|Any CPU.Build.0 = Release|Any CPU
		{999455C4-EB4A-42D6-9AC4-1DAE99C8FE8E}.Debug|Any CPU.ActiveCfg = Debug|Any CPU
		{999455C4-EB4A-42D6-9AC4-1DAE99C8FE8E}.Debug|Any CPU.Build.0 = Debug|Any CPU
		{999455C4-EB4A-42D6-9AC4-1DAE99C8FE8E}.Release|Any CPU.ActiveCfg = Release|Any CPU
		{999455C4-EB4A-42D6-9AC4-1DAE99C8FE8E}.Release|Any CPU.Build.0 = Release|Any CPU
		{B43CD5A6-2174-4C7C-9752-31C16DAE02E7}.Debug|Any CPU.ActiveCfg = Debug|Any CPU
		{B43CD5A6-2174-4C7C-9752-31C16DAE02E7}.Debug|Any CPU.Build.0 = Debug|Any CPU
		{B43CD5A6-2174-4C7C-9752-31C16DAE02E7}.Release|Any CPU.ActiveCfg = Release|Any CPU
		{B43CD5A6-2174-4C7C-9752-31C16DAE02E7}.Release|Any CPU.Build.0 = Release|Any CPU
	EndGlobalSection
	GlobalSection(SolutionProperties) = preSolution
		HideSolutionNode = FALSE
	EndGlobalSection
	GlobalSection(ExtensibilityGlobals) = postSolution
		SolutionGuid = {012A53A8-8614-4A37-B274-3F9EC23F5EA6}
	EndGlobalSection
EndGlobal
